PODS:
  - Capacitor (5.7.4):
    - CapacitorCordova
  - CapacitorCordova (5.7.4)
  - CapacitorDialog (5.0.7):
    - Capacitor

DEPENDENCIES:
  - "Capacitor (from `../../node_modules/@capacitor/ios`)"
  - "CapacitorCordova (from `../../node_modules/@capacitor/ios`)"
  - "CapacitorDialog (from `../../node_modules/@capacitor/dialog`)"

EXTERNAL SOURCES:
  Capacitor:
    :path: "../../node_modules/@capacitor/ios"
  CapacitorCordova:
    :path: "../../node_modules/@capacitor/ios"
  CapacitorDialog:
    :path: "../../node_modules/@capacitor/dialog"

SPEC CHECKSUMS:
  Capacitor: 4fe9adf012caceb4c71ffea2f1f4d005cdcbeea7
  CapacitorCordova: a6e87fccc0307dee7aec1560ec9398485f2b0ce7
  CapacitorDialog: ea1beaccb7f825191aa18b72cba8981b881b3b2d

PODFILE CHECKSUM: 56c91c1c46df0c9301669cfeb876f7b004d3a9ec

COCOAPODS: 1.15.2
